// !$*UTF8*$!
{
	archiveVersion = 1;
	classes = {
	};
	objectVersion = 46;
	objects = {

/* Begin PBXBuildFile section */
		0CAC74D59CE5EA1C76CC0F8A /* Pods_NewsAppTests.framework in Frameworks */ = {isa = PBXBuildFile; fileRef = 0FE2745D11EF7E49CC37B501 /* Pods_NewsAppTests.framework */; };
		1E71D70F1EB8812D00EB9597 /* AppDelegate.swift in Sources */ = {isa = PBXBuildFile; fileRef = 1E71D70E1EB8812D00EB9597 /* AppDelegate.swift */; };
		1E71D7141EB8812D00EB9597 /* Main.storyboard in Resources */ = {isa = PBXBuildFile; fileRef = 1E71D7121EB8812D00EB9597 /* Main.storyboard */; };
		1E71D7161EB8812D00EB9597 /* Assets.xcassets in Resources */ = {isa = PBXBuildFile; fileRef = 1E71D7151EB8812D00EB9597 /* Assets.xcassets */; };
		1E71D7191EB8812D00EB9597 /* LaunchScreen.storyboard in Resources */ = {isa = PBXBuildFile; fileRef = 1E71D7171EB8812D00EB9597 /* LaunchScreen.storyboard */; };
		1E71D7241EB8812D00EB9597 /* NewsAppTests.swift in Sources */ = {isa = PBXBuildFile; fileRef = 1E71D7231EB8812D00EB9597 /* NewsAppTests.swift */; };
		1E71D72F1EB8812D00EB9597 /* NewsAppUITests.swift in Sources */ = {isa = PBXBuildFile; fileRef = 1E71D72E1EB8812D00EB9597 /* NewsAppUITests.swift */; };
		1E71D73F1EB888CE00EB9597 /* NewsMainVC.swift in Sources */ = {isa = PBXBuildFile; fileRef = 1E71D73E1EB888CE00EB9597 /* NewsMainVC.swift */; };
		1E71D7431EB8A4FB00EB9597 /* JSONResponseMapper.swift in Sources */ = {isa = PBXBuildFile; fileRef = 1E71D7421EB8A4FB00EB9597 /* JSONResponseMapper.swift */; };
		1E71D7451EB8A6AD00EB9597 /* NewsAPI.swift in Sources */ = {isa = PBXBuildFile; fileRef = 1E71D7441EB8A6AD00EB9597 /* NewsAPI.swift */; };
		1E71D7491EB8A9EA00EB9597 /* Article.swift in Sources */ = {isa = PBXBuildFile; fileRef = 1E71D7481EB8A9EA00EB9597 /* Article.swift */; };
		1E71D74C1EB8C4EB00EB9597 /* NewsMainVCTableView.swift in Sources */ = {isa = PBXBuildFile; fileRef = 1E71D74B1EB8C4EB00EB9597 /* NewsMainVCTableView.swift */; };
		1E71D74E1EB8CA1E00EB9597 /* NewsMainVCTableViewCell.swift in Sources */ = {isa = PBXBuildFile; fileRef = 1E71D74D1EB8CA1E00EB9597 /* NewsMainVCTableViewCell.swift */; };
		1E953E771EB912150071620C /* FavoriteArticle.swift in Sources */ = {isa = PBXBuildFile; fileRef = 1E953E761EB912150071620C /* FavoriteArticle.swift */; };
		1E953E831EB92AE20071620C /* NewsDetailsVC.swift in Sources */ = {isa = PBXBuildFile; fileRef = 1E953E821EB92AE20071620C /* NewsDetailsVC.swift */; };
		1E953E851EB9B45D0071620C /* Login.storyboard in Resources */ = {isa = PBXBuildFile; fileRef = 1E953E841EB9B45D0071620C /* Login.storyboard */; };
		1E953E871EB9BB100071620C /* GoogleService-Info.plist in Resources */ = {isa = PBXBuildFile; fileRef = 1E953E861EB9BB100071620C /* GoogleService-Info.plist */; };
		1E953E8A1EB9BEEB0071620C /* LoginVC.swift in Sources */ = {isa = PBXBuildFile; fileRef = 1E953E891EB9BEEB0071620C /* LoginVC.swift */; };
		1E953E8F1EBA81E70071620C /* AlertHelper.swift in Sources */ = {isa = PBXBuildFile; fileRef = 1E953E8E1EBA81E70071620C /* AlertHelper.swift */; };
		B0EE1A7C6BC08C50D3664308 /* Pods_NewsApp.framework in Frameworks */ = {isa = PBXBuildFile; fileRef = 0767CF09232D42111CF6E0EC /* Pods_NewsApp.framework */; };
		B6CF6BAE0078E369E995B5AF /* Pods_NewsAppUITests.framework in Frameworks */ = {isa = PBXBuildFile; fileRef = A59812C2CACDBE8F90378930 /* Pods_NewsAppUITests.framework */; };
/* End PBXBuildFile section */

/* Begin PBXContainerItemProxy section */
		1E71D7201EB8812D00EB9597 /* PBXContainerItemProxy */ = {
			isa = PBXContainerItemProxy;
			containerPortal = 1E71D7031EB8812C00EB9597 /* Project object */;
			proxyType = 1;
			remoteGlobalIDString = 1E71D70A1EB8812C00EB9597;
			remoteInfo = NewsApp;
		};
		1E71D72B1EB8812D00EB9597 /* PBXContainerItemProxy */ = {
			isa = PBXContainerItemProxy;
			containerPortal = 1E71D7031EB8812C00EB9597 /* Project object */;
			proxyType = 1;
			remoteGlobalIDString = 1E71D70A1EB8812C00EB9597;
			remoteInfo = NewsApp;
		};
/* End PBXContainerItemProxy section */

/* Begin PBXFileReference section */
		0767CF09232D42111CF6E0EC /* Pods_NewsApp.framework */ = {isa = PBXFileReference; explicitFileType = wrapper.framework; includeInIndex = 0; path = Pods_NewsApp.framework; sourceTree = BUILT_PRODUCTS_DIR; };
		07AE42BE77329EDAA38790C3 /* Pods-NewsAppUITests.debug.xcconfig */ = {isa = PBXFileReference; includeInIndex = 1; lastKnownFileType = text.xcconfig; name = "Pods-NewsAppUITests.debug.xcconfig"; path = "Pods/Target Support Files/Pods-NewsAppUITests/Pods-NewsAppUITests.debug.xcconfig"; sourceTree = "<group>"; };
		0FE2745D11EF7E49CC37B501 /* Pods_NewsAppTests.framework */ = {isa = PBXFileReference; explicitFileType = wrapper.framework; includeInIndex = 0; path = Pods_NewsAppTests.framework; sourceTree = BUILT_PRODUCTS_DIR; };
		1E71D70B1EB8812D00EB9597 /* NewsApp.app */ = {isa = PBXFileReference; explicitFileType = wrapper.application; includeInIndex = 0; path = NewsApp.app; sourceTree = BUILT_PRODUCTS_DIR; };
		1E71D70E1EB8812D00EB9597 /* AppDelegate.swift */ = {isa = PBXFileReference; lastKnownFileType = sourcecode.swift; path = AppDelegate.swift; sourceTree = "<group>"; };
		1E71D7131EB8812D00EB9597 /* Base */ = {isa = PBXFileReference; lastKnownFileType = file.storyboard; name = Base; path = Base.lproj/Main.storyboard; sourceTree = "<group>"; };
		1E71D7151EB8812D00EB9597 /* Assets.xcassets */ = {isa = PBXFileReference; lastKnownFileType = folder.assetcatalog; path = Assets.xcassets; sourceTree = "<group>"; };
		1E71D7181EB8812D00EB9597 /* Base */ = {isa = PBXFileReference; lastKnownFileType = file.storyboard; name = Base; path = Base.lproj/LaunchScreen.storyboard; sourceTree = "<group>"; };
		1E71D71A1EB8812D00EB9597 /* Info.plist */ = {isa = PBXFileReference; lastKnownFileType = text.plist.xml; path = Info.plist; sourceTree = "<group>"; };
		1E71D71F1EB8812D00EB9597 /* NewsAppTests.xctest */ = {isa = PBXFileReference; explicitFileType = wrapper.cfbundle; includeInIndex = 0; path = NewsAppTests.xctest; sourceTree = BUILT_PRODUCTS_DIR; };
		1E71D7231EB8812D00EB9597 /* NewsAppTests.swift */ = {isa = PBXFileReference; lastKnownFileType = sourcecode.swift; path = NewsAppTests.swift; sourceTree = "<group>"; };
		1E71D7251EB8812D00EB9597 /* Info.plist */ = {isa = PBXFileReference; lastKnownFileType = text.plist.xml; path = Info.plist; sourceTree = "<group>"; };
		1E71D72A1EB8812D00EB9597 /* NewsAppUITests.xctest */ = {isa = PBXFileReference; explicitFileType = wrapper.cfbundle; includeInIndex = 0; path = NewsAppUITests.xctest; sourceTree = BUILT_PRODUCTS_DIR; };
		1E71D72E1EB8812D00EB9597 /* NewsAppUITests.swift */ = {isa = PBXFileReference; lastKnownFileType = sourcecode.swift; path = NewsAppUITests.swift; sourceTree = "<group>"; };
		1E71D7301EB8812D00EB9597 /* Info.plist */ = {isa = PBXFileReference; lastKnownFileType = text.plist.xml; path = Info.plist; sourceTree = "<group>"; };
		1E71D73E1EB888CE00EB9597 /* NewsMainVC.swift */ = {isa = PBXFileReference; fileEncoding = 4; lastKnownFileType = sourcecode.swift; path = NewsMainVC.swift; sourceTree = "<group>"; };
		1E71D7421EB8A4FB00EB9597 /* JSONResponseMapper.swift */ = {isa = PBXFileReference; fileEncoding = 4; lastKnownFileType = sourcecode.swift; path = JSONResponseMapper.swift; sourceTree = "<group>"; };
		1E71D7441EB8A6AD00EB9597 /* NewsAPI.swift */ = {isa = PBXFileReference; fileEncoding = 4; lastKnownFileType = sourcecode.swift; path = NewsAPI.swift; sourceTree = "<group>"; };
		1E71D7481EB8A9EA00EB9597 /* Article.swift */ = {isa = PBXFileReference; fileEncoding = 4; lastKnownFileType = sourcecode.swift; path = Article.swift; sourceTree = "<group>"; };
		1E71D74B1EB8C4EB00EB9597 /* NewsMainVCTableView.swift */ = {isa = PBXFileReference; fileEncoding = 4; lastKnownFileType = sourcecode.swift; path = NewsMainVCTableView.swift; sourceTree = "<group>"; };
		1E71D74D1EB8CA1E00EB9597 /* NewsMainVCTableViewCell.swift */ = {isa = PBXFileReference; fileEncoding = 4; lastKnownFileType = sourcecode.swift; path = NewsMainVCTableViewCell.swift; sourceTree = "<group>"; };
		1E953E761EB912150071620C /* FavoriteArticle.swift */ = {isa = PBXFileReference; fileEncoding = 4; lastKnownFileType = sourcecode.swift; path = FavoriteArticle.swift; sourceTree = "<group>"; };
		1E953E821EB92AE20071620C /* NewsDetailsVC.swift */ = {isa = PBXFileReference; fileEncoding = 4; lastKnownFileType = sourcecode.swift; path = NewsDetailsVC.swift; sourceTree = "<group>"; };
		1E953E841EB9B45D0071620C /* Login.storyboard */ = {isa = PBXFileReference; fileEncoding = 4; lastKnownFileType = file.storyboard; path = Login.storyboard; sourceTree = "<group>"; };
		1E953E861EB9BB100071620C /* GoogleService-Info.plist */ = {isa = PBXFileReference; fileEncoding = 4; lastKnownFileType = text.plist.xml; path = "GoogleService-Info.plist"; sourceTree = "<group>"; };
		1E953E891EB9BEEB0071620C /* LoginVC.swift */ = {isa = PBXFileReference; fileEncoding = 4; lastKnownFileType = sourcecode.swift; path = LoginVC.swift; sourceTree = "<group>"; };
		1E953E8E1EBA81E70071620C /* AlertHelper.swift */ = {isa = PBXFileReference; fileEncoding = 4; lastKnownFileType = sourcecode.swift; path = AlertHelper.swift; sourceTree = "<group>"; };
		41CC473A3DD692487CDCBF86 /* Pods-NewsAppUITests.release.xcconfig */ = {isa = PBXFileReference; includeInIndex = 1; lastKnownFileType = text.xcconfig; name = "Pods-NewsAppUITests.release.xcconfig"; path = "Pods/Target Support Files/Pods-NewsAppUITests/Pods-NewsAppUITests.release.xcconfig"; sourceTree = "<group>"; };
		6D899A65FAF01F15BF60E8F9 /* Pods-NewsApp.release.xcconfig */ = {isa = PBXFileReference; includeInIndex = 1; lastKnownFileType = text.xcconfig; name = "Pods-NewsApp.release.xcconfig"; path = "Pods/Target Support Files/Pods-NewsApp/Pods-NewsApp.release.xcconfig"; sourceTree = "<group>"; };
		84C58790468542EFF3781C6D /* Pods-NewsAppTests.release.xcconfig */ = {isa = PBXFileReference; includeInIndex = 1; lastKnownFileType = text.xcconfig; name = "Pods-NewsAppTests.release.xcconfig"; path = "Pods/Target Support Files/Pods-NewsAppTests/Pods-NewsAppTests.release.xcconfig"; sourceTree = "<group>"; };
		A3418548A6156B30868913EC /* Pods-NewsAppTests.debug.xcconfig */ = {isa = PBXFileReference; includeInIndex = 1; lastKnownFileType = text.xcconfig; name = "Pods-NewsAppTests.debug.xcconfig"; path = "Pods/Target Support Files/Pods-NewsAppTests/Pods-NewsAppTests.debug.xcconfig"; sourceTree = "<group>"; };
		A59812C2CACDBE8F90378930 /* Pods_NewsAppUITests.framework */ = {isa = PBXFileReference; explicitFileType = wrapper.framework; includeInIndex = 0; path = Pods_NewsAppUITests.framework; sourceTree = BUILT_PRODUCTS_DIR; };
		A5C7F38A562AEB2D56B9E776 /* Pods-NewsApp.debug.xcconfig */ = {isa = PBXFileReference; includeInIndex = 1; lastKnownFileType = text.xcconfig; name = "Pods-NewsApp.debug.xcconfig"; path = "Pods/Target Support Files/Pods-NewsApp/Pods-NewsApp.debug.xcconfig"; sourceTree = "<group>"; };
/* End PBXFileReference section */

/* Begin PBXFrameworksBuildPhase section */
		1E71D7081EB8812C00EB9597 /* Frameworks */ = {
			isa = PBXFrameworksBuildPhase;
			buildActionMask = 2147483647;
			files = (
				B0EE1A7C6BC08C50D3664308 /* Pods_NewsApp.framework in Frameworks */,
			);
			runOnlyForDeploymentPostprocessing = 0;
		};
		1E71D71C1EB8812D00EB9597 /* Frameworks */ = {
			isa = PBXFrameworksBuildPhase;
			buildActionMask = 2147483647;
			files = (
				0CAC74D59CE5EA1C76CC0F8A /* Pods_NewsAppTests.framework in Frameworks */,
			);
			runOnlyForDeploymentPostprocessing = 0;
		};
		1E71D7271EB8812D00EB9597 /* Frameworks */ = {
			isa = PBXFrameworksBuildPhase;
			buildActionMask = 2147483647;
			files = (
				B6CF6BAE0078E369E995B5AF /* Pods_NewsAppUITests.framework in Frameworks */,
			);
			runOnlyForDeploymentPostprocessing = 0;
		};
/* End PBXFrameworksBuildPhase section */

/* Begin PBXGroup section */
		1E71D7021EB8812C00EB9597 = {
			isa = PBXGroup;
			children = (
				1E71D70D1EB8812D00EB9597 /* NewsApp */,
				1E71D7221EB8812D00EB9597 /* NewsAppTests */,
				1E71D72D1EB8812D00EB9597 /* NewsAppUITests */,
				1E71D70C1EB8812D00EB9597 /* Products */,
				D73E15BE5AB13F4B86B882B2 /* Pods */,
				F3BD210C2B3C206035CF8444 /* Frameworks */,
			);
			sourceTree = "<group>";
		};
		1E71D70C1EB8812D00EB9597 /* Products */ = {
			isa = PBXGroup;
			children = (
				1E71D70B1EB8812D00EB9597 /* NewsApp.app */,
				1E71D71F1EB8812D00EB9597 /* NewsAppTests.xctest */,
				1E71D72A1EB8812D00EB9597 /* NewsAppUITests.xctest */,
			);
			name = Products;
			sourceTree = "<group>";
		};
		1E71D70D1EB8812D00EB9597 /* NewsApp */ = {
			isa = PBXGroup;
			children = (
				1E71D70E1EB8812D00EB9597 /* AppDelegate.swift */,
				1E71D7151EB8812D00EB9597 /* Assets.xcassets */,
				1E71D71A1EB8812D00EB9597 /* Info.plist */,
				1E953E861EB9BB100071620C /* GoogleService-Info.plist */,
				1E71D7401EB8970200EB9597 /* APIs */,
				1E71D7411EB898B500EB9597 /* Models */,
				1E71D7461EB8A97800EB9597 /* UIs */,
				1E953E781EB914690071620C /* ViewControllers */,
				1E953E8D1EBA81C70071620C /* Helpers */,
			);
			path = NewsApp;
			sourceTree = "<group>";
		};
		1E71D7221EB8812D00EB9597 /* NewsAppTests */ = {
			isa = PBXGroup;
			children = (
				1E71D7231EB8812D00EB9597 /* NewsAppTests.swift */,
				1E71D7251EB8812D00EB9597 /* Info.plist */,
			);
			path = NewsAppTests;
			sourceTree = "<group>";
		};
		1E71D72D1EB8812D00EB9597 /* NewsAppUITests */ = {
			isa = PBXGroup;
			children = (
				1E71D72E1EB8812D00EB9597 /* NewsAppUITests.swift */,
				1E71D7301EB8812D00EB9597 /* Info.plist */,
			);
			path = NewsAppUITests;
			sourceTree = "<group>";
		};
		1E71D7401EB8970200EB9597 /* APIs */ = {
			isa = PBXGroup;
			children = (
				1E71D7441EB8A6AD00EB9597 /* NewsAPI.swift */,
			);
			name = APIs;
			sourceTree = "<group>";
		};
		1E71D7411EB898B500EB9597 /* Models */ = {
			isa = PBXGroup;
			children = (
				1E71D7481EB8A9EA00EB9597 /* Article.swift */,
				1E953E761EB912150071620C /* FavoriteArticle.swift */,
				1E71D7421EB8A4FB00EB9597 /* JSONResponseMapper.swift */,
			);
			name = Models;
			sourceTree = "<group>";
		};
		1E71D7461EB8A97800EB9597 /* UIs */ = {
			isa = PBXGroup;
			children = (
				1E71D7121EB8812D00EB9597 /* Main.storyboard */,
				1E953E841EB9B45D0071620C /* Login.storyboard */,
				1E71D7171EB8812D00EB9597 /* LaunchScreen.storyboard */,
			);
			name = UIs;
			sourceTree = "<group>";
		};
		1E71D74A1EB8B4D500EB9597 /* NewsMainVC */ = {
			isa = PBXGroup;
			children = (
				1E71D73E1EB888CE00EB9597 /* NewsMainVC.swift */,
				1E71D74B1EB8C4EB00EB9597 /* NewsMainVCTableView.swift */,
				1E71D74D1EB8CA1E00EB9597 /* NewsMainVCTableViewCell.swift */,
			);
			name = NewsMainVC;
			sourceTree = "<group>";
		};
		1E953E781EB914690071620C /* ViewControllers */ = {
			isa = PBXGroup;
			children = (
				1E953E881EB9BDA50071620C /* LoginVC */,
				1E71D74A1EB8B4D500EB9597 /* NewsMainVC */,
				1E953E811EB92AAE0071620C /* NewsDetailsVC */,
			);
			name = ViewControllers;
			sourceTree = "<group>";
		};
		1E953E811EB92AAE0071620C /* NewsDetailsVC */ = {
			isa = PBXGroup;
			children = (
				1E953E821EB92AE20071620C /* NewsDetailsVC.swift */,
			);
			name = NewsDetailsVC;
			sourceTree = "<group>";
		};
		1E953E881EB9BDA50071620C /* LoginVC */ = {
			isa = PBXGroup;
			children = (
				1E953E891EB9BEEB0071620C /* LoginVC.swift */,
			);
			name = LoginVC;
			sourceTree = "<group>";
		};
		1E953E8D1EBA81C70071620C /* Helpers */ = {
			isa = PBXGroup;
			children = (
				1E953E8E1EBA81E70071620C /* AlertHelper.swift */,
			);
			name = Helpers;
			sourceTree = "<group>";
		};
		D73E15BE5AB13F4B86B882B2 /* Pods */ = {
			isa = PBXGroup;
			children = (
				A5C7F38A562AEB2D56B9E776 /* Pods-NewsApp.debug.xcconfig */,
				6D899A65FAF01F15BF60E8F9 /* Pods-NewsApp.release.xcconfig */,
				A3418548A6156B30868913EC /* Pods-NewsAppTests.debug.xcconfig */,
				84C58790468542EFF3781C6D /* Pods-NewsAppTests.release.xcconfig */,
				07AE42BE77329EDAA38790C3 /* Pods-NewsAppUITests.debug.xcconfig */,
				41CC473A3DD692487CDCBF86 /* Pods-NewsAppUITests.release.xcconfig */,
			);
			name = Pods;
			sourceTree = "<group>";
		};
		F3BD210C2B3C206035CF8444 /* Frameworks */ = {
			isa = PBXGroup;
			children = (
				0767CF09232D42111CF6E0EC /* Pods_NewsApp.framework */,
				0FE2745D11EF7E49CC37B501 /* Pods_NewsAppTests.framework */,
				A59812C2CACDBE8F90378930 /* Pods_NewsAppUITests.framework */,
			);
			name = Frameworks;
			sourceTree = "<group>";
		};
/* End PBXGroup section */

/* Begin PBXNativeTarget section */
		1E71D70A1EB8812C00EB9597 /* NewsApp */ = {
			isa = PBXNativeTarget;
			buildConfigurationList = 1E71D7331EB8812D00EB9597 /* Build configuration list for PBXNativeTarget "NewsApp" */;
			buildPhases = (
				F1AACB4ACF41244FB845AFE7 /* [CP] Check Pods Manifest.lock */,
				1E71D7071EB8812C00EB9597 /* Sources */,
				1E71D7081EB8812C00EB9597 /* Frameworks */,
				1E71D7091EB8812C00EB9597 /* Resources */,
				C487360A17565D3793B7BE87 /* [CP] Embed Pods Frameworks */,
				F8FB457AD95B697DDBCE0373 /* [CP] Copy Pods Resources */,
			);
			buildRules = (
			);
			dependencies = (
			);
			name = NewsApp;
			productName = NewsApp;
			productReference = 1E71D70B1EB8812D00EB9597 /* NewsApp.app */;
			productType = "com.apple.product-type.application";
		};
		1E71D71E1EB8812D00EB9597 /* NewsAppTests */ = {
			isa = PBXNativeTarget;
			buildConfigurationList = 1E71D7361EB8812D00EB9597 /* Build configuration list for PBXNativeTarget "NewsAppTests" */;
			buildPhases = (
				3658D056A2F6A8F9E56059E2 /* [CP] Check Pods Manifest.lock */,
				1E71D71B1EB8812D00EB9597 /* Sources */,
				1E71D71C1EB8812D00EB9597 /* Frameworks */,
				1E71D71D1EB8812D00EB9597 /* Resources */,
				06121040295F7DC45F70D3F9 /* [CP] Embed Pods Frameworks */,
				75C1E08AC4FFD28D5FE55A60 /* [CP] Copy Pods Resources */,
			);
			buildRules = (
			);
			dependencies = (
				1E71D7211EB8812D00EB9597 /* PBXTargetDependency */,
			);
			name = NewsAppTests;
			productName = NewsAppTests;
			productReference = 1E71D71F1EB8812D00EB9597 /* NewsAppTests.xctest */;
			productType = "com.apple.product-type.bundle.unit-test";
		};
		1E71D7291EB8812D00EB9597 /* NewsAppUITests */ = {
			isa = PBXNativeTarget;
			buildConfigurationList = 1E71D7391EB8812D00EB9597 /* Build configuration list for PBXNativeTarget "NewsAppUITests" */;
			buildPhases = (
				1E64F8C43C9B62F29820D343 /* [CP] Check Pods Manifest.lock */,
				1E71D7261EB8812D00EB9597 /* Sources */,
				1E71D7271EB8812D00EB9597 /* Frameworks */,
				1E71D7281EB8812D00EB9597 /* Resources */,
				67F09DE2D2DB9FD75E6733E3 /* [CP] Embed Pods Frameworks */,
				6911F6FA903BA076852F89F5 /* [CP] Copy Pods Resources */,
			);
			buildRules = (
			);
			dependencies = (
				1E71D72C1EB8812D00EB9597 /* PBXTargetDependency */,
			);
			name = NewsAppUITests;
			productName = NewsAppUITests;
			productReference = 1E71D72A1EB8812D00EB9597 /* NewsAppUITests.xctest */;
			productType = "com.apple.product-type.bundle.ui-testing";
		};
/* End PBXNativeTarget section */

/* Begin PBXProject section */
		1E71D7031EB8812C00EB9597 /* Project object */ = {
			isa = PBXProject;
			attributes = {
				LastSwiftUpdateCheck = 0820;
				LastUpgradeCheck = 0820;
				ORGANIZATIONNAME = "Songyee Park";
				TargetAttributes = {
					1E71D70A1EB8812C00EB9597 = {
						CreatedOnToolsVersion = 8.2.1;
						DevelopmentTeam = 8Q4BAMC537;
						ProvisioningStyle = Automatic;
					};
					1E71D71E1EB8812D00EB9597 = {
						CreatedOnToolsVersion = 8.2.1;
						DevelopmentTeam = 8Q4BAMC537;
						ProvisioningStyle = Automatic;
						TestTargetID = 1E71D70A1EB8812C00EB9597;
					};
					1E71D7291EB8812D00EB9597 = {
						CreatedOnToolsVersion = 8.2.1;
						DevelopmentTeam = 8Q4BAMC537;
						ProvisioningStyle = Automatic;
						TestTargetID = 1E71D70A1EB8812C00EB9597;
					};
				};
			};
			buildConfigurationList = 1E71D7061EB8812C00EB9597 /* Build configuration list for PBXProject "NewsApp" */;
			compatibilityVersion = "Xcode 3.2";
			developmentRegion = English;
			hasScannedForEncodings = 0;
			knownRegions = (
				en,
				Base,
			);
			mainGroup = 1E71D7021EB8812C00EB9597;
			productRefGroup = 1E71D70C1EB8812D00EB9597 /* Products */;
			projectDirPath = "";
			projectRoot = "";
			targets = (
				1E71D70A1EB8812C00EB9597 /* NewsApp */,
				1E71D71E1EB8812D00EB9597 /* NewsAppTests */,
				1E71D7291EB8812D00EB9597 /* NewsAppUITests */,
			);
		};
/* End PBXProject section */

/* Begin PBXResourcesBuildPhase section */
		1E71D7091EB8812C00EB9597 /* Resources */ = {
			isa = PBXResourcesBuildPhase;
			buildActionMask = 2147483647;
			files = (
				1E953E851EB9B45D0071620C /* Login.storyboard in Resources */,
				1E71D7191EB8812D00EB9597 /* LaunchScreen.storyboard in Resources */,
				1E953E871EB9BB100071620C /* GoogleService-Info.plist in Resources */,
				1E71D7161EB8812D00EB9597 /* Assets.xcassets in Resources */,
				1E71D7141EB8812D00EB9597 /* Main.storyboard in Resources */,
			);
			runOnlyForDeploymentPostprocessing = 0;
		};
		1E71D71D1EB8812D00EB9597 /* Resources */ = {
			isa = PBXResourcesBuildPhase;
			buildActionMask = 2147483647;
			files = (
			);
			runOnlyForDeploymentPostprocessing = 0;
		};
		1E71D7281EB8812D00EB9597 /* Resources */ = {
			isa = PBXResourcesBuildPhase;
			buildActionMask = 2147483647;
			files = (
			);
			runOnlyForDeploymentPostprocessing = 0;
		};
/* End PBXResourcesBuildPhase section */

/* Begin PBXShellScriptBuildPhase section */
		06121040295F7DC45F70D3F9 /* [CP] Embed Pods Frameworks */ = {
			isa = PBXShellScriptBuildPhase;
			buildActionMask = 2147483647;
			files = (
			);
			inputPaths = (
			);
			name = "[CP] Embed Pods Frameworks";
			outputPaths = (
			);
			runOnlyForDeploymentPostprocessing = 0;
			shellPath = /bin/sh;
			shellScript = "\"${SRCROOT}/Pods/Target Support Files/Pods-NewsAppTests/Pods-NewsAppTests-frameworks.sh\"\n";
			showEnvVarsInLog = 0;
		};
		1E64F8C43C9B62F29820D343 /* [CP] Check Pods Manifest.lock */ = {
			isa = PBXShellScriptBuildPhase;
			buildActionMask = 2147483647;
			files = (
			);
			inputPaths = (
			);
			name = "[CP] Check Pods Manifest.lock";
			outputPaths = (
			);
			runOnlyForDeploymentPostprocessing = 0;
			shellPath = /bin/sh;
			shellScript = "diff \"${PODS_ROOT}/../Podfile.lock\" \"${PODS_ROOT}/Manifest.lock\" > /dev/null\nif [ $? != 0 ] ; then\n    # print error to STDERR\n    echo \"error: The sandbox is not in sync with the Podfile.lock. Run 'pod install' or update your CocoaPods installation.\" >&2\n    exit 1\nfi\n";
			showEnvVarsInLog = 0;
		};
		3658D056A2F6A8F9E56059E2 /* [CP] Check Pods Manifest.lock */ = {
			isa = PBXShellScriptBuildPhase;
			buildActionMask = 2147483647;
			files = (
			);
			inputPaths = (
			);
			name = "[CP] Check Pods Manifest.lock";
			outputPaths = (
			);
			runOnlyForDeploymentPostprocessing = 0;
			shellPath = /bin/sh;
			shellScript = "diff \"${PODS_ROOT}/../Podfile.lock\" \"${PODS_ROOT}/Manifest.lock\" > /dev/null\nif [ $? != 0 ] ; then\n    # print error to STDERR\n    echo \"error: The sandbox is not in sync with the Podfile.lock. Run 'pod install' or update your CocoaPods installation.\" >&2\n    exit 1\nfi\n";
			showEnvVarsInLog = 0;
		};
		67F09DE2D2DB9FD75E6733E3 /* [CP] Embed Pods Frameworks */ = {
			isa = PBXShellScriptBuildPhase;
			buildActionMask = 2147483647;
			files = (
			);
			inputPaths = (
			);
			name = "[CP] Embed Pods Frameworks";
			outputPaths = (
			);
			runOnlyForDeploymentPostprocessing = 0;
			shellPath = /bin/sh;
			shellScript = "\"${SRCROOT}/Pods/Target Support Files/Pods-NewsAppUITests/Pods-NewsAppUITests-frameworks.sh\"\n";
			showEnvVarsInLog = 0;
		};
		6911F6FA903BA076852F89F5 /* [CP] Copy Pods Resources */ = {
			isa = PBXShellScriptBuildPhase;
			buildActionMask = 2147483647;
			files = (
			);
			inputPaths = (
			);
			name = "[CP] Copy Pods Resources";
			outputPaths = (
			);
			runOnlyForDeploymentPostprocessing = 0;
			shellPath = /bin/sh;
			shellScript = "\"${SRCROOT}/Pods/Target Support Files/Pods-NewsAppUITests/Pods-NewsAppUITests-resources.sh\"\n";
			showEnvVarsInLog = 0;
		};
		75C1E08AC4FFD28D5FE55A60 /* [CP] Copy Pods Resources */ = {
			isa = PBXShellScriptBuildPhase;
			buildActionMask = 2147483647;
			files = (
			);
			inputPaths = (
			);
			name = "[CP] Copy Pods Resources";
			outputPaths = (
			);
			runOnlyForDeploymentPostprocessing = 0;
			shellPath = /bin/sh;
			shellScript = "\"${SRCROOT}/Pods/Target Support Files/Pods-NewsAppTests/Pods-NewsAppTests-resources.sh\"\n";
			showEnvVarsInLog = 0;
		};
		C487360A17565D3793B7BE87 /* [CP] Embed Pods Frameworks */ = {
			isa = PBXShellScriptBuildPhase;
			buildActionMask = 2147483647;
			files = (
			);
			inputPaths = (
			);
			name = "[CP] Embed Pods Frameworks";
			outputPaths = (
			);
			runOnlyForDeploymentPostprocessing = 0;
			shellPath = /bin/sh;
			shellScript = "\"${SRCROOT}/Pods/Target Support Files/Pods-NewsApp/Pods-NewsApp-frameworks.sh\"\n";
			showEnvVarsInLog = 0;
		};
		F1AACB4ACF41244FB845AFE7 /* [CP] Check Pods Manifest.lock */ = {
			isa = PBXShellScriptBuildPhase;
			buildActionMask = 2147483647;
			files = (
			);
			inputPaths = (
			);
			name = "[CP] Check Pods Manifest.lock";
			outputPaths = (
			);
			runOnlyForDeploymentPostprocessing = 0;
			shellPath = /bin/sh;
			shellScript = "diff \"${PODS_ROOT}/../Podfile.lock\" \"${PODS_ROOT}/Manifest.lock\" > /dev/null\nif [ $? != 0 ] ; then\n    # print error to STDERR\n    echo \"error: The sandbox is not in sync with the Podfile.lock. Run 'pod install' or update your CocoaPods installation.\" >&2\n    exit 1\nfi\n";
			showEnvVarsInLog = 0;
		};
		F8FB457AD95B697DDBCE0373 /* [CP] Copy Pods Resources */ = {
			isa = PBXShellScriptBuildPhase;
			buildActionMask = 2147483647;
			files = (
			);
			inputPaths = (
			);
			name = "[CP] Copy Pods Resources";
			outputPaths = (
			);
			runOnlyForDeploymentPostprocessing = 0;
			shellPath = /bin/sh;
			shellScript = "\"${SRCROOT}/Pods/Target Support Files/Pods-NewsApp/Pods-NewsApp-resources.sh\"\n";
			showEnvVarsInLog = 0;
		};
/* End PBXShellScriptBuildPhase section */

/* Begin PBXSourcesBuildPhase section */
		1E71D7071EB8812C00EB9597 /* Sources */ = {
			isa = PBXSourcesBuildPhase;
			buildActionMask = 2147483647;
			files = (
				1E953E831EB92AE20071620C /* NewsDetailsVC.swift in Sources */,
				1E71D73F1EB888CE00EB9597 /* NewsMainVC.swift in Sources */,
				1E953E8F1EBA81E70071620C /* AlertHelper.swift in Sources */,
				1E71D70F1EB8812D00EB9597 /* AppDelegate.swift in Sources */,
				1E71D7431EB8A4FB00EB9597 /* JSONResponseMapper.swift in Sources */,
				1E71D7451EB8A6AD00EB9597 /* NewsAPI.swift in Sources */,
				1E953E771EB912150071620C /* FavoriteArticle.swift in Sources */,
				1E953E8A1EB9BEEB0071620C /* LoginVC.swift in Sources */,
				1E71D74C1EB8C4EB00EB9597 /* NewsMainVCTableView.swift in Sources */,
				1E71D74E1EB8CA1E00EB9597 /* NewsMainVCTableViewCell.swift in Sources */,
				1E71D7491EB8A9EA00EB9597 /* Article.swift in Sources */,
			);
			runOnlyForDeploymentPostprocessing = 0;
		};
		1E71D71B1EB8812D00EB9597 /* Sources */ = {
			isa = PBXSourcesBuildPhase;
			buildActionMask = 2147483647;
			files = (
				1E71D7241EB8812D00EB9597 /* NewsAppTests.swift in Sources */,
			);
			runOnlyForDeploymentPostprocessing = 0;
		};
		1E71D7261EB8812D00EB9597 /* Sources */ = {
			isa = PBXSourcesBuildPhase;
			buildActionMask = 2147483647;
			files = (
				1E71D72F1EB8812D00EB9597 /* NewsAppUITests.swift in Sources */,
			);
			runOnlyForDeploymentPostprocessing = 0;
		};
/* End PBXSourcesBuildPhase section */

/* Begin PBXTargetDependency section */
		1E71D7211EB8812D00EB9597 /* PBXTargetDependency */ = {
			isa = PBXTargetDependency;
			target = 1E71D70A1EB8812C00EB9597 /* NewsApp */;
			targetProxy = 1E71D7201EB8812D00EB9597 /* PBXContainerItemProxy */;
		};
		1E71D72C1EB8812D00EB9597 /* PBXTargetDependency */ = {
			isa = PBXTargetDependency;
			target = 1E71D70A1EB8812C00EB9597 /* NewsApp */;
			targetProxy = 1E71D72B1EB8812D00EB9597 /* PBXContainerItemProxy */;
		};
/* End PBXTargetDependency section */

/* Begin PBXVariantGroup section */
		1E71D7121EB8812D00EB9597 /* Main.storyboard */ = {
			isa = PBXVariantGroup;
			children = (
				1E71D7131EB8812D00EB9597 /* Base */,
			);
			name = Main.storyboard;
			sourceTree = "<group>";
		};
		1E71D7171EB8812D00EB9597 /* LaunchScreen.storyboard */ = {
			isa = PBXVariantGroup;
			children = (
				1E71D7181EB8812D00EB9597 /* Base */,
			);
			name = LaunchScreen.storyboard;
			sourceTree = "<group>";
		};
/* End PBXVariantGroup section */

/* Begin XCBuildConfiguration section */
		1E71D7311EB8812D00EB9597 /* Debug */ = {
			isa = XCBuildConfiguration;
			buildSettings = {
				ALWAYS_SEARCH_USER_PATHS = NO;
				CLANG_ANALYZER_NONNULL = YES;
				CLANG_CXX_LANGUAGE_STANDARD = "gnu++0x";
				CLANG_CXX_LIBRARY = "libc++";
				CLANG_ENABLE_MODULES = YES;
				CLANG_ENABLE_OBJC_ARC = YES;
				CLANG_WARN_BOOL_CONVERSION = YES;
				CLANG_WARN_CONSTANT_CONVERSION = YES;
				CLANG_WARN_DIRECT_OBJC_ISA_USAGE = YES_ERROR;
				CLANG_WARN_DOCUMENTATION_COMMENTS = YES;
				CLANG_WARN_EMPTY_BODY = YES;
				CLANG_WARN_ENUM_CONVERSION = YES;
				CLANG_WARN_INFINITE_RECURSION = YES;
				CLANG_WARN_INT_CONVERSION = YES;
				CLANG_WARN_OBJC_ROOT_CLASS = YES_ERROR;
				CLANG_WARN_SUSPICIOUS_MOVE = YES;
				CLANG_WARN_UNREACHABLE_CODE = YES;
				CLANG_WARN__DUPLICATE_METHOD_MATCH = YES;
				"CODE_SIGN_IDENTITY[sdk=iphoneos*]" = "iPhone Developer";
				COPY_PHASE_STRIP = NO;
				DEBUG_INFORMATION_FORMAT = dwarf;
				ENABLE_STRICT_OBJC_MSGSEND = YES;
				ENABLE_TESTABILITY = YES;
				GCC_C_LANGUAGE_STANDARD = gnu99;
				GCC_DYNAMIC_NO_PIC = NO;
				GCC_NO_COMMON_BLOCKS = YES;
				GCC_OPTIMIZATION_LEVEL = 0;
				GCC_PREPROCESSOR_DEFINITIONS = (
					"DEBUG=1",
					"$(inherited)",
				);
				GCC_WARN_64_TO_32_BIT_CONVERSION = YES;
				GCC_WARN_ABOUT_RETURN_TYPE = YES_ERROR;
				GCC_WARN_UNDECLARED_SELECTOR = YES;
				GCC_WARN_UNINITIALIZED_AUTOS = YES_AGGRESSIVE;
				GCC_WARN_UNUSED_FUNCTION = YES;
				GCC_WARN_UNUSED_VARIABLE = YES;
				IPHONEOS_DEPLOYMENT_TARGET = 10.2;
				MTL_ENABLE_DEBUG_INFO = YES;
				ONLY_ACTIVE_ARCH = YES;
				SDKROOT = iphoneos;
				SWIFT_ACTIVE_COMPILATION_CONDITIONS = DEBUG;
				SWIFT_OPTIMIZATION_LEVEL = "-Onone";
			};
			name = Debug;
		};
		1E71D7321EB8812D00EB9597 /* Release */ = {
			isa = XCBuildConfiguration;
			buildSettings = {
				ALWAYS_SEARCH_USER_PATHS = NO;
				CLANG_ANALYZER_NONNULL = YES;
				CLANG_CXX_LANGUAGE_STANDARD = "gnu++0x";
				CLANG_CXX_LIBRARY = "libc++";
				CLANG_ENABLE_MODULES = YES;
				CLANG_ENABLE_OBJC_ARC = YES;
				CLANG_WARN_BOOL_CONVERSION = YES;
				CLANG_WARN_CONSTANT_CONVERSION = YES;
				CLANG_WARN_DIRECT_OBJC_ISA_USAGE = YES_ERROR;
				CLANG_WARN_DOCUMENTATION_COMMENTS = YES;
				CLANG_WARN_EMPTY_BODY = YES;
				CLANG_WARN_ENUM_CONVERSION = YES;
				CLANG_WARN_INFINITE_RECURSION = YES;
				CLANG_WARN_INT_CONVERSION = YES;
				CLANG_WARN_OBJC_ROOT_CLASS = YES_ERROR;
				CLANG_WARN_SUSPICIOUS_MOVE = YES;
				CLANG_WARN_UNREACHABLE_CODE = YES;
				CLANG_WARN__DUPLICATE_METHOD_MATCH = YES;
				"CODE_SIGN_IDENTITY[sdk=iphoneos*]" = "iPhone Developer";
				COPY_PHASE_STRIP = NO;
				DEBUG_INFORMATION_FORMAT = "dwarf-with-dsym";
				ENABLE_NS_ASSERTIONS = NO;
				ENABLE_STRICT_OBJC_MSGSEND = YES;
				GCC_C_LANGUAGE_STANDARD = gnu99;
				GCC_NO_COMMON_BLOCKS = YES;
				GCC_WARN_64_TO_32_BIT_CONVERSION = YES;
				GCC_WARN_ABOUT_RETURN_TYPE = YES_ERROR;
				GCC_WARN_UNDECLARED_SELECTOR = YES;
				GCC_WARN_UNINITIALIZED_AUTOS = YES_AGGRESSIVE;
				GCC_WARN_UNUSED_FUNCTION = YES;
				GCC_WARN_UNUSED_VARIABLE = YES;
				IPHONEOS_DEPLOYMENT_TARGET = 10.2;
				MTL_ENABLE_DEBUG_INFO = NO;
				SDKROOT = iphoneos;
				SWIFT_OPTIMIZATION_LEVEL = "-Owholemodule";
				VALIDATE_PRODUCT = YES;
			};
			name = Release;
		};
		1E71D7341EB8812D00EB9597 /* Debug */ = {
			isa = XCBuildConfiguration;
			baseConfigurationReference = A5C7F38A562AEB2D56B9E776 /* Pods-NewsApp.debug.xcconfig */;
			buildSettings = {
				ASSETCATALOG_COMPILER_APPICON_NAME = AppIcon;
				DEVELOPMENT_TEAM = 8Q4BAMC537;
				INFOPLIST_FILE = NewsApp/Info.plist;
				LD_RUNPATH_SEARCH_PATHS = "$(inherited) @executable_path/Frameworks";
				PRODUCT_BUNDLE_IDENTIFIER = com.songyeepark.NewsApp;
				PRODUCT_NAME = "$(TARGET_NAME)";
				SWIFT_VERSION = 3.0;
			};
			name = Debug;
		};
		1E71D7351EB8812D00EB9597 /* Release */ = {
			isa = XCBuildConfiguration;
			baseConfigurationReference = 6D899A65FAF01F15BF60E8F9 /* Pods-NewsApp.release.xcconfig */;
			buildSettings = {
				ASSETCATALOG_COMPILER_APPICON_NAME = AppIcon;
				DEVELOPMENT_TEAM = 8Q4BAMC537;
				INFOPLIST_FILE = NewsApp/Info.plist;
				LD_RUNPATH_SEARCH_PATHS = "$(inherited) @executable_path/Frameworks";
				PRODUCT_BUNDLE_IDENTIFIER = com.songyeepark.NewsApp;
				PRODUCT_NAME = "$(TARGET_NAME)";
				SWIFT_VERSION = 3.0;
			};
			name = Release;
		};
		1E71D7371EB8812D00EB9597 /* Debug */ = {
			isa = XCBuildConfiguration;
			baseConfigurationReference = A3418548A6156B30868913EC /* Pods-NewsAppTests.debug.xcconfig */;
			buildSettings = {
				ALWAYS_EMBED_SWIFT_STANDARD_LIBRARIES = YES;
				BUNDLE_LOADER = "$(TEST_HOST)";
				DEVELOPMENT_TEAM = 8Q4BAMC537;
				INFOPLIST_FILE = NewsAppTests/Info.plist;
				LD_RUNPATH_SEARCH_PATHS = "$(inherited) @executable_path/Frameworks @loader_path/Frameworks";
				PRODUCT_BUNDLE_IDENTIFIER = com.songyeepark.NewsAppTests;
				PRODUCT_NAME = "$(TARGET_NAME)";
				SWIFT_VERSION = 3.0;
				TEST_HOST = "$(BUILT_PRODUCTS_DIR)/NewsApp.app/NewsApp";
			};
			name = Debug;
		};
		1E71D7381EB8812D00EB9597 /* Release */ = {
			isa = XCBuildConfiguration;
			baseConfigurationReference = 84C58790468542EFF3781C6D /* Pods-NewsAppTests.release.xcconfig */;
			buildSettings = {
				ALWAYS_EMBED_SWIFT_STANDARD_LIBRARIES = YES;
				BUNDLE_LOADER = "$(TEST_HOST)";
				DEVELOPMENT_TEAM = 8Q4BAMC537;
				INFOPLIST_FILE = NewsAppTests/Info.plist;
				LD_RUNPATH_SEARCH_PATHS = "$(inherited) @executable_path/Frameworks @loader_path/Frameworks";
				PRODUCT_BUNDLE_IDENTIFIER = com.songyeepark.NewsAppTests;
				PRODUCT_NAME = "$(TARGET_NAME)";
				SWIFT_VERSION = 3.0;
				TEST_HOST = "$(BUILT_PRODUCTS_DIR)/NewsApp.app/NewsApp";
			};
			name = Release;
		};
		1E71D73A1EB8812D00EB9597 /* Debug */ = {
			isa = XCBuildConfiguration;
			baseConfigurationReference = 07AE42BE77329EDAA38790C3 /* Pods-NewsAppUITests.debug.xcconfig */;
			buildSettings = {
				ALWAYS_EMBED_SWIFT_STANDARD_LIBRARIES = YES;
				DEVELOPMENT_TEAM = 8Q4BAMC537;
				INFOPLIST_FILE = NewsAppUITests/Info.plist;
				LD_RUNPATH_SEARCH_PATHS = "$(inherited) @executable_path/Frameworks @loader_path/Frameworks";
				PRODUCT_BUNDLE_IDENTIFIER = com.songyeepark.NewsAppUITests;
				PRODUCT_NAME = "$(TARGET_NAME)";
				SWIFT_VERSION = 3.0;
				TEST_TARGET_NAME = NewsApp;
			};
			name = Debug;
		};
		1E71D73B1EB8812D00EB9597 /* Release */ = {
			isa = XCBuildConfiguration;
			baseConfigurationReference = 41CC473A3DD692487CDCBF86 /* Pods-NewsAppUITests.release.xcconfig */;
			buildSettings = {
				ALWAYS_EMBED_SWIFT_STANDARD_LIBRARIES = YES;
				DEVELOPMENT_TEAM = 8Q4BAMC537;
				INFOPLIST_FILE = NewsAppUITests/Info.plist;
				LD_RUNPATH_SEARCH_PATHS = "$(inherited) @executable_path/Frameworks @loader_path/Frameworks";
				PRODUCT_BUNDLE_IDENTIFIER = com.songyeepark.NewsAppUITests;
				PRODUCT_NAME = "$(TARGET_NAME)";
				SWIFT_VERSION = 3.0;
				TEST_TARGET_NAME = NewsApp;
			};
			name = Release;
		};
/* End XCBuildConfiguration section */

/* Begin XCConfigurationList section */
		1E71D7061EB8812C00EB9597 /* Build configuration list for PBXProject "NewsApp" */ = {
			isa = XCConfigurationList;
			buildConfigurations = (
				1E71D7311EB8812D00EB9597 /* Debug */,
				1E71D7321EB8812D00EB9597 /* Release */,
			);
			defaultConfigurationIsVisible = 0;
			defaultConfigurationName = Release;
		};
		1E71D7331EB8812D00EB9597 /* Build configuration list for PBXNativeTarget "NewsApp" */ = {
			isa = XCConfigurationList;
			buildConfigurations = (
				1E71D7341EB8812D00EB9597 /* Debug */,
				1E71D7351EB8812D00EB9597 /* Release */,
			);
			defaultConfigurationIsVisible = 0;
			defaultConfigurationName = Release;
		};
		1E71D7361EB8812D00EB9597 /* Build configuration list for PBXNativeTarget "NewsAppTests" */ = {
			isa = XCConfigurationList;
			buildConfigurations = (
				1E71D7371EB8812D00EB9597 /* Debug */,
				1E71D7381EB8812D00EB9597 /* Release */,
			);
			defaultConfigurationIsVisible = 0;
			defaultConfigurationName = Release;
		};
		1E71D7391EB8812D00EB9597 /* Build configuration list for PBXNativeTarget "NewsAppUITests" */ = {
			isa = XCConfigurationList;
			buildConfigurations = (
				1E71D73A1EB8812D00EB9597 /* Debug */,
				1E71D73B1EB8812D00EB9597 /* Release */,
			);
			defaultConfigurationIsVisible = 0;
			defaultConfigurationName = Release;
		};
/* End XCConfigurationList section */
	};
	rootObject = 1E71D7031EB8812C00EB9597 /* Project object */;
}
